
Microsoft Visual Studio Solution File, Format Version 12.00
# Visual Studio Version 17
VisualStudioVersion = 17.14.36414.22
MinimumVisualStudioVersion = 10.0.40219.1
Project("{FAE04EC0-301F-11D3-BF4B-00C04F79EFBC}") = "ConsoleAppAssigment", "ConsoleAppAssigment\ConsoleAppAssigment.csproj", "{89105E05-33BC-4D52-B798-B4FA3F6B8632}"
EndProject
Project("{FAE04EC0-301F-11D3-BF4B-00C04F79EFBC}") = "Infrastructure", "Infrastructure\Infrastructure.csproj", "{FDB60E2A-A2A7-42B7-BD10-7983CEA4A4BF}"
EndProject
Project("{FAE04EC0-301F-11D3-BF4B-00C04F79EFBC}") = "Infrastructure.Test", "Infrastructure.Test\Infrastructure.Test.csproj", "{8A4C0CED-E8BD-4390-A7F4-6B365D3AC8F6}"
EndProject
Global
	GlobalSection(SolutionConfigurationPlatforms) = preSolution
		Debug|Any CPU = Debug|Any CPU
		Release|Any CPU = Release|Any CPU
	EndGlobalSection
	GlobalSection(ProjectConfigurationPlatforms) = postSolution
		{89105E05-33BC-4D52-B798-B4FA3F6B8632}.Debug|Any CPU.ActiveCfg = Debug|Any CPU
		{89105E05-33BC-4D52-B798-B4FA3F6B8632}.Debug|Any CPU.Build.0 = Debug|Any CPU
		{89105E05-33BC-4D52-B798-B4FA3F6B8632}.Release|Any CPU.ActiveCfg = Release|Any CPU
		{89105E05-33BC-4D52-B798-B4FA3F6B8632}.Release|Any CPU.Build.0 = Release|Any CPU
		{FDB60E2A-A2A7-42B7-BD10-7983CEA4A4BF}.Debug|Any CPU.ActiveCfg = Debug|Any CPU
		{FDB60E2A-A2A7-42B7-BD10-7983CEA4A4BF}.Debug|Any CPU.Build.0 = Debug|Any CPU
		{FDB60E2A-A2A7-42B7-BD10-7983CEA4A4BF}.Release|Any CPU.ActiveCfg = Release|Any CPU
		{FDB60E2A-A2A7-42B7-BD10-7983CEA4A4BF}.Release|Any CPU.Build.0 = Release|Any CPU
		{8A4C0CED-E8BD-4390-A7F4-6B365D3AC8F6}.Debug|Any CPU.ActiveCfg = Debug|Any CPU
		{8A4C0CED-E8BD-4390-A7F4-6B365D3AC8F6}.Debug|Any CPU.Build.0 = Debug|Any CPU
		{8A4C0CED-E8BD-4390-A7F4-6B365D3AC8F6}.Release|Any CPU.ActiveCfg = Release|Any CPU
		{8A4C0CED-E8BD-4390-A7F4-6B365D3AC8F6}.Release|Any CPU.Build.0 = Release|Any CPU
	EndGlobalSection
	GlobalSection(SolutionProperties) = preSolution
		HideSolutionNode = FALSE
	EndGlobalSection
	GlobalSection(ExtensibilityGlobals) = postSolution
		SolutionGuid = {6823CEA5-8425-48AB-AF02-76767AC51865}
	EndGlobalSection
EndGlobal
